
Microsoft Visual Studio Solution File, Format Version 12.00
# Visual Studio 15
VisualStudioVersion = 15.0.27130.2010
MinimumVisualStudioVersion = 10.0.40219.1
Project("{9A19103F-16F7-4668-BE54-9A1E7A4F7556}") = "Models", "Models\Models.csproj", "{C3448FD5-3C54-4077-AB6F-FCA6F41449D8}"
EndProject
Project("{9A19103F-16F7-4668-BE54-9A1E7A4F7556}") = "Playground", "Playground\Playground.csproj", "{B6E65BF3-0C67-4B57-9980-39DAACDA7027}"
EndProject
Project("{9A19103F-16F7-4668-BE54-9A1E7A4F7556}") = "Tests", "Tests\Tests.csproj", "{2F4EBFB3-D53C-4BCF-AB42-F257D10413FF}"
EndProject
Project("{9A19103F-16F7-4668-BE54-9A1E7A4F7556}") = "MiningClient", "MiningClient\MiningClient.csproj", "{EFACA059-9318-4BDF-9929-14B5666F80E7}"
EndProject
Project("{9A19103F-16F7-4668-BE54-9A1E7A4F7556}") = "WebNode", "WebNode\WebNode.csproj", "{A02FA757-0BBE-4CFC-8A52-6615B407F682}"
EndProject
Project("{9A19103F-16F7-4668-BE54-9A1E7A4F7556}") = "Secp256k1", "Secp256k1\Secp256k1.csproj", "{C9CAE86E-9E8A-483A-865A-BA2716C417A0}"
EndProject
Project("{9A19103F-16F7-4668-BE54-9A1E7A4F7556}") = "Services", "Services\Services.csproj", "{5CDE2C0C-630D-4758-9CA8-7AB00A8741E7}"
EndProject
Project("{9A19103F-16F7-4668-BE54-9A1E7A4F7556}") = "WebWallet", "WebWallet\WebWallet.csproj", "{2847FBD1-8823-4828-8E72-4959425A86C1}"
EndProject
Project("{FAE04EC0-301F-11D3-BF4B-00C04F79EFBC}") = "Web", "Web\Web.csproj", "{ED978667-31A1-47DB-BD56-5928AEF6A482}"
EndProject
Global
	GlobalSection(SolutionConfigurationPlatforms) = preSolution
		Debug|Any CPU = Debug|Any CPU
		Release|Any CPU = Release|Any CPU
	EndGlobalSection
	GlobalSection(ProjectConfigurationPlatforms) = postSolution
		{C3448FD5-3C54-4077-AB6F-FCA6F41449D8}.Debug|Any CPU.ActiveCfg = Debug|Any CPU
		{C3448FD5-3C54-4077-AB6F-FCA6F41449D8}.Debug|Any CPU.Build.0 = Debug|Any CPU
		{C3448FD5-3C54-4077-AB6F-FCA6F41449D8}.Release|Any CPU.ActiveCfg = Release|Any CPU
		{C3448FD5-3C54-4077-AB6F-FCA6F41449D8}.Release|Any CPU.Build.0 = Release|Any CPU
		{B6E65BF3-0C67-4B57-9980-39DAACDA7027}.Debug|Any CPU.ActiveCfg = Debug|Any CPU
		{B6E65BF3-0C67-4B57-9980-39DAACDA7027}.Debug|Any CPU.Build.0 = Debug|Any CPU
		{B6E65BF3-0C67-4B57-9980-39DAACDA7027}.Release|Any CPU.ActiveCfg = Release|Any CPU
		{B6E65BF3-0C67-4B57-9980-39DAACDA7027}.Release|Any CPU.Build.0 = Release|Any CPU
		{2F4EBFB3-D53C-4BCF-AB42-F257D10413FF}.Debug|Any CPU.ActiveCfg = Debug|Any CPU
		{2F4EBFB3-D53C-4BCF-AB42-F257D10413FF}.Debug|Any CPU.Build.0 = Debug|Any CPU
		{2F4EBFB3-D53C-4BCF-AB42-F257D10413FF}.Release|Any CPU.ActiveCfg = Release|Any CPU
		{2F4EBFB3-D53C-4BCF-AB42-F257D10413FF}.Release|Any CPU.Build.0 = Release|Any CPU
		{EFACA059-9318-4BDF-9929-14B5666F80E7}.Debug|Any CPU.ActiveCfg = Debug|Any CPU
		{EFACA059-9318-4BDF-9929-14B5666F80E7}.Debug|Any CPU.Build.0 = Debug|Any CPU
		{EFACA059-9318-4BDF-9929-14B5666F80E7}.Release|Any CPU.ActiveCfg = Release|Any CPU
		{EFACA059-9318-4BDF-9929-14B5666F80E7}.Release|Any CPU.Build.0 = Release|Any CPU
		{A02FA757-0BBE-4CFC-8A52-6615B407F682}.Debug|Any CPU.ActiveCfg = Debug|Any CPU
		{A02FA757-0BBE-4CFC-8A52-6615B407F682}.Debug|Any CPU.Build.0 = Debug|Any CPU
		{A02FA757-0BBE-4CFC-8A52-6615B407F682}.Release|Any CPU.ActiveCfg = Release|Any CPU
		{A02FA757-0BBE-4CFC-8A52-6615B407F682}.Release|Any CPU.Build.0 = Release|Any CPU
		{C9CAE86E-9E8A-483A-865A-BA2716C417A0}.Debug|Any CPU.ActiveCfg = Debug|Any CPU
		{C9CAE86E-9E8A-483A-865A-BA2716C417A0}.Debug|Any CPU.Build.0 = Debug|Any CPU
		{C9CAE86E-9E8A-483A-865A-BA2716C417A0}.Release|Any CPU.ActiveCfg = Release|Any CPU
		{C9CAE86E-9E8A-483A-865A-BA2716C417A0}.Release|Any CPU.Build.0 = Release|Any CPU
		{5CDE2C0C-630D-4758-9CA8-7AB00A8741E7}.Debug|Any CPU.ActiveCfg = Debug|Any CPU
		{5CDE2C0C-630D-4758-9CA8-7AB00A8741E7}.Debug|Any CPU.Build.0 = Debug|Any CPU
		{5CDE2C0C-630D-4758-9CA8-7AB00A8741E7}.Release|Any CPU.ActiveCfg = Release|Any CPU
		{5CDE2C0C-630D-4758-9CA8-7AB00A8741E7}.Release|Any CPU.Build.0 = Release|Any CPU
		{2847FBD1-8823-4828-8E72-4959425A86C1}.Debug|Any CPU.ActiveCfg = Debug|Any CPU
		{2847FBD1-8823-4828-8E72-4959425A86C1}.Debug|Any CPU.Build.0 = Debug|Any CPU
		{2847FBD1-8823-4828-8E72-4959425A86C1}.Release|Any CPU.ActiveCfg = Release|Any CPU
		{2847FBD1-8823-4828-8E72-4959425A86C1}.Release|Any CPU.Build.0 = Release|Any CPU
		{ED978667-31A1-47DB-BD56-5928AEF6A482}.Debug|Any CPU.ActiveCfg = Debug|Any CPU
		{ED978667-31A1-47DB-BD56-5928AEF6A482}.Debug|Any CPU.Build.0 = Debug|Any CPU
		{ED978667-31A1-47DB-BD56-5928AEF6A482}.Release|Any CPU.ActiveCfg = Release|Any CPU
		{ED978667-31A1-47DB-BD56-5928AEF6A482}.Release|Any CPU.Build.0 = Release|Any CPU
	EndGlobalSection
	GlobalSection(SolutionProperties) = preSolution
		HideSolutionNode = FALSE
	EndGlobalSection
	GlobalSection(ExtensibilityGlobals) = postSolution
		SolutionGuid = {98090BD2-A7A0-4D77-AA6E-D6F78B716C42}
	EndGlobalSection
EndGlobal
